# This file is automatically @generated by Cargo.
# It is not intended for manual editing.
version = 3

[[package]]
name = "aho-corasick"
version = "0.5.3"
source = "registry+https://github.com/rust-lang/crates.io-index"
checksum = "ca972c2ea5f742bfce5687b9aef75506a764f61d37f8f649047846a9686ddb66"
dependencies = [
 "memchr 0.1.11",
]

[[package]]
name = "aho-corasick"
version = "0.6.3"
source = "registry+https://github.com/rust-lang/crates.io-index"
checksum = "500909c4f87a9e52355b26626d890833e9e1d53ac566db76c36faa984b889699"
dependencies = [
 "memchr 1.0.1",
]

[[package]]
name = "backtrace"
version = "0.3.0"
source = "registry+https://github.com/rust-lang/crates.io-index"
checksum = "f551bc2ddd53aea015d453ef0b635af89444afa5ed2405dd0b2062ad5d600d80"
dependencies = [
 "backtrace-sys",
 "cfg-if",
 "dbghelp-sys",
 "kernel32-sys",
 "libc",
 "rustc-demangle",
 "winapi 0.2.8",
]

[[package]]
name = "backtrace-sys"
version = "0.1.10"
source = "registry+https://github.com/rust-lang/crates.io-index"
checksum = "d192fd129132fbc97497c1f2ec2c2c5174e376b95f535199ef4fe0a293d33842"
dependencies = [
 "gcc",
 "libc",
]

[[package]]
name = "byteorder"
version = "1.0.0"
source = "registry+https://github.com/rust-lang/crates.io-index"
checksum = "c40977b0ee6b9885c9013cd41d9feffdd22deb3bb4dc3a71d901cc7a77de18c8"

[[package]]
name = "bytes"
version = "0.4.2"
source = "registry+https://github.com/rust-lang/crates.io-index"
checksum = "3941933da81d8717b427c2ddc2d73567cd15adb6c57514a2726d9ee598a5439a"
dependencies = [
 "byteorder",
 "iovec",
]

[[package]]
name = "cfg-if"
version = "0.1.0"
source = "registry+https://github.com/rust-lang/crates.io-index"
checksum = "de1e760d7b6535af4241fca8bd8adf68e2e7edacc6b29f5d399050c5e48cf88c"

[[package]]
name = "curl"
version = "0.4.6"
source = "registry+https://github.com/rust-lang/crates.io-index"
checksum = "c90e1240ef340dd4027ade439e5c7c2064dd9dc652682117bd50d1486a3add7b"
dependencies = [
 "curl-sys",
 "libc",
 "openssl-probe",
 "openssl-sys",
 "winapi 0.2.8",
]

[[package]]
name = "curl-sys"
version = "0.3.10"
source = "registry+https://github.com/rust-lang/crates.io-index"
checksum = "c0d909dc402ae80b6f7b0118c039203436061b9d9a3ca5d2c2546d93e0a61aaa"
dependencies = [
 "gcc",
 "libc",
 "libz-sys",
 "openssl-sys",
 "pkg-config",
 "winapi 0.2.8",
]

[[package]]
name = "dbghelp-sys"
version = "0.2.0"
source = "registry+https://github.com/rust-lang/crates.io-index"
checksum = "97590ba53bcb8ac28279161ca943a924d1fd4a8fb3fa63302591647c4fc5b850"
dependencies = [
 "winapi 0.2.8",
 "winapi-build",
]

[[package]]
name = "dtoa"
version = "0.4.1"
source = "registry+https://github.com/rust-lang/crates.io-index"
checksum = "80c8b71fd71146990a9742fc06dcbbde19161a267e0ad4e572c35162f4578c90"

[[package]]
name = "encoding_rs"
version = "0.5.0"
source = "registry+https://github.com/rust-lang/crates.io-index"
checksum = "7a1cca0a26f904955d80d70b9bff1019e4f4cbc06f2fcbccf8bd3d889cc1c9b7"
dependencies = [
 "cfg-if",
]

[[package]]
name = "env_logger"
version = "0.3.5"
source = "registry+https://github.com/rust-lang/crates.io-index"
checksum = "15abd780e45b3ea4f76b4e9a26ff4843258dd8a3eed2775a0e7368c2e7936c2f"
dependencies = [
 "log",
 "regex 0.1.80",
]

[[package]]
name = "error-chain"
version = "0.10.0"
source = "registry+https://github.com/rust-lang/crates.io-index"
checksum = "d9435d864e017c3c6afeac1654189b06cdb491cf2ff73dbf0d73b0f292f42ff8"
dependencies = [
 "backtrace",
]

[[package]]
name = "from-ascii"
version = "0.0.1"
source = "registry+https://github.com/rust-lang/crates.io-index"
checksum = "4e23b749f1923c97e3e5967ba707f6f3a381fb4ee4265d959a84f4e2f8c3127b"

[[package]]
name = "futures"
version = "0.1.13"
source = "registry+https://github.com/rust-lang/crates.io-index"
checksum = "55f0008e13fc853f79ea8fc86e931486860d4c4c156cdffb59fa5f7fa833660a"

[[package]]
name = "gcc"
version = "0.3.45"
source = "registry+https://github.com/rust-lang/crates.io-index"
checksum = "40899336fb50db0c78710f53e87afc54d8c7266fb76262fecc78ca1a7f09deae"

[[package]]
name = "gdi32-sys"
version = "0.2.0"
source = "registry+https://github.com/rust-lang/crates.io-index"
checksum = "0912515a8ff24ba900422ecda800b52f4016a56251922d397c576bf92c690518"
dependencies = [
 "winapi 0.2.8",
 "winapi-build",
]

[[package]]
name = "iovec"
version = "0.1.0"
source = "registry+https://github.com/rust-lang/crates.io-index"
checksum = "29d062ee61fccdf25be172e70f34c9f6efc597e1fb8f6526e8437b2046ab26be"
dependencies = [
 "libc",
 "winapi 0.2.8",
]

[[package]]
name = "itoa"
version = "0.3.1"
source = "registry+https://github.com/rust-lang/crates.io-index"
checksum = "eb2f404fbc66fd9aac13e998248505e7ecb2ad8e44ab6388684c5fb11c6c251c"

[[package]]
name = "kernel32-sys"
version = "0.2.2"
source = "registry+https://github.com/rust-lang/crates.io-index"
checksum = "7507624b29483431c0ba2d82aece8ca6cdba9382bff4ddd0f7490560c056098d"
dependencies = [
 "winapi 0.2.8",
 "winapi-build",
]

[[package]]
name = "lazy_static"
version = "0.2.6"
source = "registry+https://github.com/rust-lang/crates.io-index"
checksum = "2f61b8421c7a4648c391611625d56fdd5c7567da05af1be655fd8cacc643abb3"

[[package]]
name = "lazycell"
version = "0.4.0"
source = "registry+https://github.com/rust-lang/crates.io-index"
checksum = "ce12306c4739d86ee97c23139f3a34ddf0387bbf181bc7929d287025a8c3ef6b"

[[package]]
name = "libc"
version = "0.2.126"
source = "registry+https://github.com/rust-lang/crates.io-index"
checksum = "349d5a591cd28b49e1d1037471617a32ddcda5731b99419008085f72d5a53836"

[[package]]
name = "libz-sys"
version = "1.0.13"
source = "registry+https://github.com/rust-lang/crates.io-index"
checksum = "e5ee912a45d686d393d5ac87fac15ba0ba18daae14e8e7543c63ebf7fb7e970c"
dependencies = [
 "gcc",
 "libc",
 "pkg-config",
]

[[package]]
name = "log"
version = "0.3.7"
source = "registry+https://github.com/rust-lang/crates.io-index"
checksum = "5141eca02775a762cc6cd564d8d2c50f67c0ea3a372cbf1c51592b3e029e10ad"

[[package]]
name = "memchr"
version = "0.1.11"
source = "registry+https://github.com/rust-lang/crates.io-index"
checksum = "d8b629fb514376c675b98c1421e80b151d3817ac42d7c667717d282761418d20"
dependencies = [
 "libc",
]

[[package]]
name = "memchr"
version = "1.0.1"
source = "registry+https://github.com/rust-lang/crates.io-index"
checksum = "1dbccc0e46f1ea47b9f17e6d67c5a96bd27030519c519c9c91327e31275a47b4"
dependencies = [
 "libc",
]

[[package]]
name = "mio"
version = "0.6.6"
source = "registry+https://github.com/rust-lang/crates.io-index"
checksum = "f27d38f824a0d267d55b29b171e9e99269a53812e385fa75c1fe700ae254a6a4"
dependencies = [
 "iovec",
 "kernel32-sys",
 "lazycell",
 "libc",
 "log",
 "miow",
 "net2",
 "slab",
 "winapi 0.2.8",
]

[[package]]
name = "miow"
version = "0.2.2"
source = "registry+https://github.com/rust-lang/crates.io-index"
checksum = "ebd808424166322d4a38da87083bfddd3ac4c131334ed55856112eb06d46944d"
dependencies = [
 "kernel32-sys",
 "net2",
 "winapi 0.2.8",
 "ws2_32-sys",
]

[[package]]
name = "net2"
version = "0.2.37"
source = "registry+https://github.com/rust-lang/crates.io-index"
checksum = "391630d12b68002ae1e25e8f974306474966550ad82dac6886fb8910c19568ae"
dependencies = [
 "cfg-if",
 "libc",
 "winapi 0.3.9",
]

[[package]]
name = "num-traits"
version = "0.1.37"
source = "registry+https://github.com/rust-lang/crates.io-index"
checksum = "e1cbfa3781f3fe73dc05321bed52a06d2d491eaa764c52335cf4399f046ece99"

[[package]]
name = "openssl-probe"
version = "0.1.0"
source = "registry+https://github.com/rust-lang/crates.io-index"
checksum = "756d49c8424483a3df3b5d735112b4da22109ced9a8294f1f5cdf80fb3810919"

[[package]]
name = "openssl-sys"
version = "0.9.10"
source = "registry+https://github.com/rust-lang/crates.io-index"
checksum = "14f5bfd12054d764510b887152d564ba11d99ae24ea7d740781778f646620576"
dependencies = [
 "gcc",
 "gdi32-sys",
 "libc",
 "pkg-config",
 "user32-sys",
]

[[package]]
name = "phf"
version = "0.7.21"
source = "registry+https://github.com/rust-lang/crates.io-index"
checksum = "cb325642290f28ee14d8c6201159949a872f220c62af6e110a56ea914fbe42fc"
dependencies = [
 "phf_shared",
]

[[package]]
name = "phf_codegen"
version = "0.7.21"
source = "registry+https://github.com/rust-lang/crates.io-index"
checksum = "d62594c0bb54c464f633175d502038177e90309daf2e0158be42ed5f023ce88f"
dependencies = [
 "phf_generator",
 "phf_shared",
]

[[package]]
name = "phf_generator"
version = "0.7.21"
source = "registry+https://github.com/rust-lang/crates.io-index"
checksum = "6b07ffcc532ccc85e3afc45865469bf5d9e4ef5bfcf9622e3cfe80c2d275ec03"
dependencies = [
 "phf_shared",
 "rand",
]

[[package]]
name = "phf_shared"
version = "0.7.21"
source = "registry+https://github.com/rust-lang/crates.io-index"
checksum = "07e24b0ca9643bdecd0632f2b3da6b1b89bbb0030e0b992afc1113b23a7bc2f2"
dependencies = [
 "siphasher",
]

[[package]]
name = "pinyin-order"
version = "0.1.1"
source = "registry+https://github.com/rust-lang/crates.io-index"
checksum = "ff03261a7af6ca3063cf5ce7efc5690b286ae4f19cb455bdf1afe085a6119b04"
dependencies = [
 "phf",
 "phf_codegen",
 "regex 0.2.1",
]

[[package]]
name = "pkg-config"
version = "0.3.9"
source = "registry+https://github.com/rust-lang/crates.io-index"
checksum = "3a8b4c6b8165cd1a1cd4b9b120978131389f64bdaf456435caa41e630edba903"

[[package]]
name = "quick-xml"
version = "0.7.0"
source = "registry+https://github.com/rust-lang/crates.io-index"
checksum = "557d6199dfc37f9e5ac64ca8ed142695a4bfd9d97623f89d50b7a4e69dbac7ac"
dependencies = [
 "encoding_rs",
 "error-chain",
 "from-ascii",
]

[[package]]
name = "quote"
version = "0.3.15"
source = "registry+https://github.com/rust-lang/crates.io-index"
checksum = "7a6e920b65c65f10b2ae65c831a81a073a89edd28c7cce89475bff467ab4167a"

[[package]]
name = "rand"
version = "0.3.15"
source = "registry+https://github.com/rust-lang/crates.io-index"
checksum = "022e0636ec2519ddae48154b028864bdce4eaf7d35226ab8e65c611be97b189d"
dependencies = [
 "libc",
]

[[package]]
name = "regex"
version = "0.1.80"
source = "registry+https://github.com/rust-lang/crates.io-index"
checksum = "4fd4ace6a8cf7860714a2c2280d6c1f7e6a413486c13298bbc86fd3da019402f"
dependencies = [
 "aho-corasick 0.5.3",
 "memchr 0.1.11",
 "regex-syntax 0.3.9",
 "thread_local 0.2.7",
 "utf8-ranges 0.1.3",
]

[[package]]
name = "regex"
version = "0.2.1"
source = "registry+https://github.com/rust-lang/crates.io-index"
checksum = "4278c17d0f6d62dfef0ab00028feb45bd7d2102843f80763474eeb1be8a10c01"
dependencies = [
 "aho-corasick 0.6.3",
 "memchr 1.0.1",
 "regex-syntax 0.4.0",
 "thread_local 0.3.3",
 "utf8-ranges 1.0.0",
]

[[package]]
name = "regex-syntax"
version = "0.3.9"
source = "registry+https://github.com/rust-lang/crates.io-index"
checksum = "f9ec002c35e86791825ed294b50008eea9ddfc8def4420124fbc6b08db834957"

[[package]]
name = "regex-syntax"
version = "0.4.0"
source = "registry+https://github.com/rust-lang/crates.io-index"
checksum = "2f9191b1f57603095f105d317e375d19b1c9c5c3185ea9633a99a6dcbed04457"

[[package]]
name = "rssbot"
version = "1.0.0"
dependencies = [
 "curl",
 "env_logger",
 "error-chain",
 "futures",
 "lazy_static",
 "log",
 "pinyin-order",
 "quick-xml",
 "regex 0.2.1",
 "serde",
 "serde_derive",
 "serde_json",
 "telebot",
 "tokio-core",
 "tokio-curl",
]

[[package]]
name = "rustc-demangle"
version = "0.1.4"
source = "registry+https://github.com/rust-lang/crates.io-index"
checksum = "3058a43ada2c2d0b92b3ae38007a2d0fa5e9db971be260e0171408a4ff471c95"

[[package]]
name = "scoped-tls"
version = "0.1.0"
source = "registry+https://github.com/rust-lang/crates.io-index"
checksum = "f417c22df063e9450888a7561788e9bd46d3bb3c1466435b4eccb903807f147d"

[[package]]
name = "serde"
version = "0.9.13"
source = "registry+https://github.com/rust-lang/crates.io-index"
checksum = "231dfd55909400769e437326cfb4af8bec97c3dd56ab3d02df8ef5c7e00f179b"

[[package]]
name = "serde_codegen_internals"
version = "0.14.2"
source = "registry+https://github.com/rust-lang/crates.io-index"
checksum = "bc888bd283bd2420b16ad0d860e35ad8acb21941180a83a189bb2046f9d00400"
dependencies = [
 "syn",
]

[[package]]
name = "serde_derive"
version = "0.9.13"
source = "registry+https://github.com/rust-lang/crates.io-index"
checksum = "d75c72ef4dd193d89eb652b73890fe2489996c9ead8b37980f57a1078f96ed50"
dependencies = [
 "quote",
 "serde_codegen_internals",
 "syn",
]

[[package]]
name = "serde_json"
version = "0.9.9"
source = "registry+https://github.com/rust-lang/crates.io-index"
checksum = "dbc45439552eb8fb86907a2c41c1fd0ef97458efb87ff7f878db466eb581824e"
dependencies = [
 "dtoa",
 "itoa",
 "num-traits",
 "serde",
]

[[package]]
name = "siphasher"
version = "0.2.2"
source = "registry+https://github.com/rust-lang/crates.io-index"
checksum = "0df90a788073e8d0235a67e50441d47db7c8ad9debd91cbf43736a2a92d36537"

[[package]]
name = "slab"
version = "0.3.0"
source = "registry+https://github.com/rust-lang/crates.io-index"
checksum = "17b4fcaed89ab08ef143da37bc52adbcc04d4a69014f4c1208d6b51f0c47bc23"

[[package]]
name = "syn"
version = "0.11.10"
source = "registry+https://github.com/rust-lang/crates.io-index"
checksum = "171b739972d9a1bfb169e8077238b51f9ebeaae4ff6e08072f7ba386a8802da2"
dependencies = [
 "quote",
 "synom",
 "unicode-xid",
]

[[package]]
name = "synom"
version = "0.11.3"
source = "registry+https://github.com/rust-lang/crates.io-index"
checksum = "a393066ed9010ebaed60b9eafa373d4b1baac186dd7e008555b0f702b51945b6"
dependencies = [
 "unicode-xid",
]

[[package]]
name = "telebot"
version = "0.1.1"
dependencies = [
 "curl",
 "futures",
 "serde",
 "serde_derive",
 "serde_json",
 "telebot-derive",
 "tokio-core",
 "tokio-curl",
]

[[package]]
name = "telebot-derive"
version = "0.0.6"
dependencies = [
 "quote",
 "syn",
]

[[package]]
name = "thread-id"
version = "2.0.0"
source = "registry+https://github.com/rust-lang/crates.io-index"
checksum = "a9539db560102d1cef46b8b78ce737ff0bb64e7e18d35b2a5688f7d097d0ff03"
dependencies = [
 "kernel32-sys",
 "libc",
]

[[package]]
name = "thread-id"
version = "3.0.0"
source = "registry+https://github.com/rust-lang/crates.io-index"
checksum = "4437c97558c70d129e40629a5b385b3fb1ffac301e63941335e4d354081ec14a"
dependencies = [
 "kernel32-sys",
 "libc",
]

[[package]]
name = "thread_local"
version = "0.2.7"
source = "registry+https://github.com/rust-lang/crates.io-index"
checksum = "8576dbbfcaef9641452d5cf0df9b0e7eeab7694956dd33bb61515fb8f18cfdd5"
dependencies = [
 "thread-id 2.0.0",
]

[[package]]
name = "thread_local"
version = "0.3.3"
source = "registry+https://github.com/rust-lang/crates.io-index"
checksum = "c85048c6260d17cf486ceae3282d9fb6b90be220bf5b28c400f5485ffc29f0c7"
dependencies = [
 "thread-id 3.0.0",
 "unreachable",
]

[[package]]
name = "tokio-core"
version = "0.1.6"
source = "registry+https://github.com/rust-lang/crates.io-index"
checksum = "99e958104a67877907c1454386d5482fe8e965a55d60be834a15a44328e7dc76"
dependencies = [
 "bytes",
 "futures",
 "iovec",
 "log",
 "mio",
 "scoped-tls",
 "slab",
 "tokio-io",
]

[[package]]
name = "tokio-curl"
version = "0.1.9"
source = "registry+https://github.com/rust-lang/crates.io-index"
checksum = "abc816085f1fe81e04960a50e53a49ac9d2f5b0263c3e52430ad98f77f725f2a"
dependencies = [
 "curl",
 "futures",
 "libc",
 "log",
 "mio",
 "scoped-tls",
 "slab",
 "tokio-core",
 "winapi 0.2.8",
 "ws2_32-sys",
]

[[package]]
name = "tokio-io"
version = "0.1.1"
source = "registry+https://github.com/rust-lang/crates.io-index"
checksum = "48f55df1341bb92281f229a6030bc2abffde2c7a44c6d6b802b7687dd8be0775"
dependencies = [
 "bytes",
 "futures",
 "log",
]

[[package]]
name = "unicode-xid"
version = "0.0.4"
source = "registry+https://github.com/rust-lang/crates.io-index"
checksum = "8c1f860d7d29cf02cb2f3f359fd35991af3d30bac52c57d265a3c461074cb4dc"

[[package]]
name = "unreachable"
version = "0.1.1"
source = "registry+https://github.com/rust-lang/crates.io-index"
checksum = "1f2ae5ddb18e1c92664717616dd9549dde73f539f01bd7b77c2edb2446bdff91"
dependencies = [
 "void",
]

[[package]]
name = "user32-sys"
version = "0.2.0"
source = "registry+https://github.com/rust-lang/crates.io-index"
checksum = "4ef4711d107b21b410a3a974b1204d9accc8b10dad75d8324b5d755de1617d47"
dependencies = [
 "winapi 0.2.8",
 "winapi-build",
]

[[package]]
name = "utf8-ranges"
version = "0.1.3"
source = "registry+https://github.com/rust-lang/crates.io-index"
checksum = "a1ca13c08c41c9c3e04224ed9ff80461d97e121589ff27c753a16cb10830ae0f"

[[package]]
name = "utf8-ranges"
version = "1.0.0"
source = "registry+https://github.com/rust-lang/crates.io-index"
checksum = "662fab6525a98beff2921d7f61a39e7d59e0b425ebc7d0d9e66d316e55124122"

[[package]]
name = "void"
version = "1.0.2"
source = "registry+https://github.com/rust-lang/crates.io-index"
checksum = "6a02e4885ed3bc0f2de90ea6dd45ebcbb66dacffe03547fadbb0eeae2770887d"

[[package]]
name = "winapi"
version = "0.2.8"
source = "registry+https://github.com/rust-lang/crates.io-index"
checksum = "167dc9d6949a9b857f3451275e911c3f44255842c1f7a76f33c55103a909087a"

[[package]]
name = "winapi"
version = "0.3.9"
source = "registry+https://github.com/rust-lang/crates.io-index"
checksum = "5c839a674fcd7a98952e593242ea400abe93992746761e38641405d28b00f419"
dependencies = [
 "winapi-i686-pc-windows-gnu",
 "winapi-x86_64-pc-windows-gnu",
]

[[package]]
name = "winapi-build"
version = "0.1.1"
source = "registry+https://github.com/rust-lang/crates.io-index"
checksum = "2d315eee3b34aca4797b2da6b13ed88266e6d612562a0c46390af8299fc699bc"

[[package]]
name = "winapi-i686-pc-windows-gnu"
version = "0.4.0"
source = "registry+https://github.com/rust-lang/crates.io-index"
checksum = "ac3b87c63620426dd9b991e5ce0329eff545bccbbb34f3be09ff6fb6ab51b7b6"

[[package]]
name = "winapi-x86_64-pc-windows-gnu"
version = "0.4.0"
source = "registry+https://github.com/rust-lang/crates.io-index"
checksum = "712e227841d057c1ee1cd2fb22fa7e5a5461ae8e48fa2ca79ec42cfc1931183f"

[[package]]
name = "ws2_32-sys"
version = "0.2.1"
source = "registry+https://github.com/rust-lang/crates.io-index"
checksum = "d59cefebd0c892fa2dd6de581e937301d8552cb44489cdff035c6187cb63fa5e"
dependencies = [
 "winapi 0.2.8",
 "winapi-build",
]
